
Microsoft Visual Studio Solution File, Format Version 12.00
# Visual Studio Version 17
VisualStudioVersion = 17.6.33829.357
MinimumVisualStudioVersion = 10.0.40219.1
Project("{FAE04EC0-301F-11D3-BF4B-00C04F79EFBC}") = "TruthSeekerOrbs", "TruthSeekerOrbs.csproj", "{BE52A482-440E-4975-9F22-E09D2732F230}"
EndProject
Global
	GlobalSection(SolutionConfigurationPlatforms) = preSolution
		Debug|Any CPU = Debug|Any CPU
		Release|Any CPU = Release|Any CPU
	EndGlobalSection
	GlobalSection(ProjectConfigurationPlatforms) = postSolution
		{BE52A482-440E-4975-9F22-E09D2732F230}.Debug|Any CPU.ActiveCfg = Debug|Any CPU
		{BE52A482-440E-4975-9F22-E09D2732F230}.Debug|Any CPU.Build.0 = Debug|Any CPU
		{BE52A482-440E-4975-9F22-E09D2732F230}.Release|Any CPU.ActiveCfg = Release|Any CPU
		{BE52A482-440E-4975-9F22-E09D2732F230}.Release|Any CPU.Build.0 = Release|Any CPU
	EndGlobalSection
	GlobalSection(SolutionProperties) = preSolution
		HideSolutionNode = FALSE
	EndGlobalSection
	GlobalSection(ExtensibilityGlobals) = postSolution
		SolutionGuid = {60043775-C175-4A71-86E1-25A5CE7029A8}
	EndGlobalSection
EndGlobal
